# THIS IS AN AUTOGENERATED FILE. DO NOT EDIT THIS FILE DIRECTLY.
# yarn lockfile v1


ansi-styles@^3.1.0:
  version "3.2.0"
  resolved "https://registry.npmjs.org/ansi-styles/-/ansi-styles-3.2.0.tgz#c159b8d5be0f9e5a6f346dab94f16ce022161b88"
  dependencies:
    color-convert "^1.9.0"

babel-code-frame@7.0.0-beta.0:
  version "7.0.0-beta.0"
  resolved "https://registry.npmjs.org/babel-code-frame/-/babel-code-frame-7.0.0-beta.0.tgz#418a7b5f3f7dc9a4670e61b1158b4c5661bec98d"
  dependencies:
    chalk "^2.0.0"
    esutils "^2.0.2"
    js-tokens "^3.0.0"

babel-eslint@^8.0.1:
  version "8.0.1"
  resolved "https://registry.npmjs.org/babel-eslint/-/babel-eslint-8.0.1.tgz#5d718be7a328625d006022eb293ed3008cbd6346"
  dependencies:
    babel-code-frame "7.0.0-beta.0"
    babel-traverse "7.0.0-beta.0"
    babel-types "7.0.0-beta.0"
    babylon "7.0.0-beta.22"

babel-helper-function-name@7.0.0-beta.0:
  version "7.0.0-beta.0"
  resolved "https://registry.npmjs.org/babel-helper-function-name/-/babel-helper-function-name-7.0.0-beta.0.tgz#d1b6779b647e5c5c31ebeb05e13b998e4d352d56"
  dependencies:
    babel-helper-get-function-arity "7.0.0-beta.0"
    babel-template "7.0.0-beta.0"
    babel-traverse "7.0.0-beta.0"
    babel-types "7.0.0-beta.0"

babel-helper-get-function-arity@7.0.0-beta.0:
  version "7.0.0-beta.0"
  resolved "https://registry.npmjs.org/babel-helper-get-function-arity/-/babel-helper-get-function-arity-7.0.0-beta.0.tgz#9d1ab7213bb5efe1ef1638a8ea1489969b5a8b6e"
  dependencies:
    babel-types "7.0.0-beta.0"

babel-messages@7.0.0-beta.0:
  version "7.0.0-beta.0"
  resolved "https://registry.npmjs.org/babel-messages/-/babel-messages-7.0.0-beta.0.tgz#6df01296e49fc8fbd0637394326a167f36da817b"

babel-runtime@^6.23.0:
  version "6.23.0"
  resolved "https://registry.yarnpkg.com/babel-runtime/-/babel-runtime-6.23.0.tgz#0a9489f144de70efb3ce4300accdb329e2fc543b"
  dependencies:
    core-js "^2.4.0"
    regenerator-runtime "^0.10.0"

babel-template@7.0.0-beta.0:
  version "7.0.0-beta.0"
  resolved "https://registry.npmjs.org/babel-template/-/babel-template-7.0.0-beta.0.tgz#85083cf9e4395d5e48bf5154d7a8d6991cafecfb"
  dependencies:
    babel-traverse "7.0.0-beta.0"
    babel-types "7.0.0-beta.0"
    babylon "7.0.0-beta.22"
    lodash "^4.2.0"

babel-traverse@7.0.0-beta.0:
  version "7.0.0-beta.0"
  resolved "https://registry.npmjs.org/babel-traverse/-/babel-traverse-7.0.0-beta.0.tgz#da14be9b762f62a2f060db464eaafdd8cd072a41"
  dependencies:
    babel-code-frame "7.0.0-beta.0"
    babel-helper-function-name "7.0.0-beta.0"
    babel-messages "7.0.0-beta.0"
    babel-types "7.0.0-beta.0"
    babylon "7.0.0-beta.22"
    debug "^3.0.1"
    globals "^10.0.0"
    invariant "^2.2.0"
    lodash "^4.2.0"

babel-types@7.0.0-beta.0:
  version "7.0.0-beta.0"
  resolved "https://registry.npmjs.org/babel-types/-/babel-types-7.0.0-beta.0.tgz#eb8b6e556470e6dcc4aef982d79ad229469b5169"
  dependencies:
    esutils "^2.0.2"
    lodash "^4.2.0"
    to-fast-properties "^2.0.0"

babylon@7.0.0-beta.22:
  version "7.0.0-beta.22"
  resolved "https://registry.npmjs.org/babylon/-/babylon-7.0.0-beta.22.tgz#74f0ad82ed7c7c3cfeab74cf684f815104161b65"

balanced-match@^1.0.0:
  version "1.0.0"
  resolved "https://registry.yarnpkg.com/balanced-match/-/balanced-match-1.0.0.tgz#89b4d199ab2bee49de164ea02b89ce462d71b767"

brace-expansion@^1.1.7:
  version "1.1.8"
  resolved "https://registry.yarnpkg.com/brace-expansion/-/brace-expansion-1.1.8.tgz#c07b211c7c952ec1f8efd51a77ef0d1d3990a292"
  dependencies:
    balanced-match "^1.0.0"
    concat-map "0.0.1"

browserslist@2.1.4:
  version "2.1.4"
  resolved "https://registry.yarnpkg.com/browserslist/-/browserslist-2.1.4.tgz#cc526af4a1312b7d2e05653e56d0c8ab70c0e053"
  dependencies:
    caniuse-lite "^1.0.30000670"
    electron-to-chromium "^1.3.11"

builtin-modules@^1.0.0, builtin-modules@^1.1.1:
  version "1.1.1"
  resolved "https://registry.yarnpkg.com/builtin-modules/-/builtin-modules-1.1.1.tgz#270f076c5a72c02f5b65a47df94c5fe3a278892f"

caniuse-db@1.0.30000671:
  version "1.0.30000671"
  resolved "https://registry.yarnpkg.com/caniuse-db/-/caniuse-db-1.0.30000671.tgz#9f071bbc7b96994638ccbaf47829d58a1577a8ed"

caniuse-lite@^1.0.30000670:
  version "1.0.30000684"
  resolved "https://registry.yarnpkg.com/caniuse-lite/-/caniuse-lite-1.0.30000684.tgz#0c1032d0b36e14d1ac199f93ef2d1c42d3f03fd7"

chalk@^2.0.0:
  version "2.1.0"
  resolved "https://registry.npmjs.org/chalk/-/chalk-2.1.0.tgz#ac5becf14fa21b99c6c92ca7a7d7cfd5b17e743e"
  dependencies:
    ansi-styles "^3.1.0"
    escape-string-regexp "^1.0.5"
    supports-color "^4.0.0"

color-convert@^1.9.0:
  version "1.9.0"
  resolved "https://registry.npmjs.org/color-convert/-/color-convert-1.9.0.tgz#1accf97dd739b983bf994d56fec8f95853641b7a"
  dependencies:
    color-name "^1.1.1"

color-name@^1.1.1:
  version "1.1.3"
  resolved "https://registry.npmjs.org/color-name/-/color-name-1.1.3.tgz#a7d0558bd89c42f795dd42328f740831ca53bc25"

concat-map@0.0.1:
  version "0.0.1"
  resolved "https://registry.yarnpkg.com/concat-map/-/concat-map-0.0.1.tgz#d8a96bd77fd68df7793a73036a3ba0d5405d477b"

contains-path@^0.1.0:
  version "0.1.0"
  resolved "https://registry.yarnpkg.com/contains-path/-/contains-path-0.1.0.tgz#fe8cf184ff6670b6baef01a9d4861a5cbec4120a"

core-js@^2.4.0:
  version "2.4.1"
  resolved "https://registry.yarnpkg.com/core-js/-/core-js-2.4.1.tgz#4de911e667b0eae9124e34254b53aea6fc618d3e"

create-eslint-index@^1.0.0:
  version "1.0.0"
  resolved "https://registry.yarnpkg.com/create-eslint-index/-/create-eslint-index-1.0.0.tgz#d954372d86d5792fcd67e9f2b791b1ab162411bb"
  dependencies:
    lodash.get "^4.3.0"

debug@^2.6.8:
  version "2.6.8"
  resolved "https://registry.yarnpkg.com/debug/-/debug-2.6.8.tgz#e731531ca2ede27d188222427da17821d68ff4fc"
  dependencies:
    ms "2.0.0"

debug@^3.0.1:
  version "3.1.0"
  resolved "https://registry.npmjs.org/debug/-/debug-3.1.0.tgz#5bb5a0672628b64149566ba16819e61518c67261"
  dependencies:
    ms "2.0.0"

doctrine@1.5.0:
  version "1.5.0"
  resolved "https://registry.yarnpkg.com/doctrine/-/doctrine-1.5.0.tgz#379dce730f6166f76cefa4e6707a159b02c5a6fa"
  dependencies:
    esutils "^2.0.2"
    isarray "^1.0.0"

electron-to-chromium@^1.3.11:
  version "1.3.14"
  resolved "https://registry.yarnpkg.com/electron-to-chromium/-/electron-to-chromium-1.3.14.tgz#64af0f9efd3c3c6acd57d71f83b49ca7ee9c4b43"

error-ex@^1.2.0:
  version "1.3.1"
  resolved "https://registry.yarnpkg.com/error-ex/-/error-ex-1.3.1.tgz#f855a86ce61adc4e8621c3cda21e7a7612c3a8dc"
  dependencies:
    is-arrayish "^0.2.1"

escape-string-regexp@^1.0.5:
  version "1.0.5"
  resolved "https://registry.npmjs.org/escape-string-regexp/-/escape-string-regexp-1.0.5.tgz#1b61c0562190a8dff6ae3bb2cf0200ca130b86d4"

eslint-ast-utils@^1.0.0:
  version "1.0.0"
  resolved "https://registry.yarnpkg.com/eslint-ast-utils/-/eslint-ast-utils-1.0.0.tgz#4acb86a0a018de08492f922a05b05928809472f4"
  dependencies:
    lodash.get "^4.4.2"

eslint-config-airbnb-base@^12.0.1:
  version "12.0.1"
  resolved "https://registry.npmjs.org/eslint-config-airbnb-base/-/eslint-config-airbnb-base-12.0.1.tgz#abaca7b4536faa7e094add5a9801970fefdd39a4"
  dependencies:
    eslint-restricted-globals "^0.1.1"

eslint-import-resolver-node@^0.3.1:
  version "0.3.1"
  resolved "https://registry.yarnpkg.com/eslint-import-resolver-node/-/eslint-import-resolver-node-0.3.1.tgz#4422574cde66a9a7b099938ee4d508a199e0e3cc"
  dependencies:
    debug "^2.6.8"
    resolve "^1.2.0"

eslint-module-utils@^2.1.1:
  version "2.1.1"
  resolved "https://registry.yarnpkg.com/eslint-module-utils/-/eslint-module-utils-2.1.1.tgz#abaec824177613b8a95b299639e1b6facf473449"
  dependencies:
    debug "^2.6.8"
    pkg-dir "^1.0.0"

eslint-plugin-compat@^1.0.4:
  version "1.0.4"
  resolved "https://registry.yarnpkg.com/eslint-plugin-compat/-/eslint-plugin-compat-1.0.4.tgz#76e52038119a5080e2612cc4141d687f4d140398"
  dependencies:
    babel-runtime "^6.23.0"
    browserslist "2.1.4"
    caniuse-db "1.0.30000671"
    requireindex "^1.1.0"

eslint-plugin-flowtype-errors@^3.3.2:
  version "3.3.2"
  resolved "https://registry.npmjs.org/eslint-plugin-flowtype-errors/-/eslint-plugin-flowtype-errors-3.3.2.tgz#8bcf8bc86346ffa0dce1e27ddb717e7ebfdf28b4"
  dependencies:
    babel-runtime "^6.23.0"
    slash "^1.0.0"

eslint-plugin-flowtype@^2.37.0:
  version "2.37.0"
  resolved "https://registry.npmjs.org/eslint-plugin-flowtype/-/eslint-plugin-flowtype-2.37.0.tgz#2b09694deea6efdd8354eccd328db134b2d8b6d5"
  dependencies:
    lodash "^4.15.0"

eslint-plugin-fp@^2.3.0:
  version "2.3.0"
  resolved "https://registry.yarnpkg.com/eslint-plugin-fp/-/eslint-plugin-fp-2.3.0.tgz#376d2a108710e981980bdc3875e3b9920da0489c"
  dependencies:
    create-eslint-index "^1.0.0"
    eslint-ast-utils "^1.0.0"
    lodash "^4.13.1"
    req-all "^0.1.0"

eslint-plugin-import@^2.7.0:
  version "2.7.0"
  resolved "https://registry.yarnpkg.com/eslint-plugin-import/-/eslint-plugin-import-2.7.0.tgz#21de33380b9efb55f5ef6d2e210ec0e07e7fa69f"
  dependencies:
    builtin-modules "^1.1.1"
    contains-path "^0.1.0"
    debug "^2.6.8"
    doctrine "1.5.0"
    eslint-import-resolver-node "^0.3.1"
    eslint-module-utils "^2.1.1"
    has "^1.0.1"
    lodash.cond "^4.3.0"
    minimatch "^3.0.3"
    read-pkg-up "^2.0.0"

eslint-plugin-jest@^21.2.0:
  version "21.2.0"
  resolved "https://registry.npmjs.org/eslint-plugin-jest/-/eslint-plugin-jest-21.2.0.tgz#292044df9cf0866ad9c530e78e6528fae287b926"

eslint-plugin-prettier@^2.3.1:
  version "2.3.1"
  resolved "https://registry.npmjs.org/eslint-plugin-prettier/-/eslint-plugin-prettier-2.3.1.tgz#e7a746c67e716f335274b88295a9ead9f544e44d"
  dependencies:
    fast-diff "^1.1.1"
    jest-docblock "^21.0.0"

eslint-plugin-promise@^3.5.0:
  version "3.5.0"
  resolved "https://registry.yarnpkg.com/eslint-plugin-promise/-/eslint-plugin-promise-3.5.0.tgz#78fbb6ffe047201627569e85a6c5373af2a68fca"

eslint-restricted-globals@^0.1.1:
  version "0.1.1"
  resolved "https://registry.yarnpkg.com/eslint-restricted-globals/-/eslint-restricted-globals-0.1.1.tgz#35f0d5cbc64c2e3ed62e93b4b1a7af05ba7ed4d7"

esutils@^2.0.2:
  version "2.0.2"
  resolved "https://registry.yarnpkg.com/esutils/-/esutils-2.0.2.tgz#0abf4f1caa5bcb1f7a9d8acc6dea4faaa04bac9b"

fast-diff@^1.1.1:
  version "1.1.1"
  resolved "https://registry.yarnpkg.com/fast-diff/-/fast-diff-1.1.1.tgz#0aea0e4e605b6a2189f0e936d4b7fbaf1b7cfd9b"

find-up@^1.0.0:
  version "1.1.2"
  resolved "https://registry.yarnpkg.com/find-up/-/find-up-1.1.2.tgz#6b2e9822b1a2ce0a60ab64d610eccad53cb24d0f"
  dependencies:
    path-exists "^2.0.0"
    pinkie-promise "^2.0.0"

find-up@^2.0.0:
  version "2.1.0"
  resolved "https://registry.yarnpkg.com/find-up/-/find-up-2.1.0.tgz#45d1b7e506c717ddd482775a2b77920a3c0c57a7"
  dependencies:
    locate-path "^2.0.0"

flow-bin@^0.56.0:
  version "0.56.0"
  resolved "https://registry.npmjs.org/flow-bin/-/flow-bin-0.56.0.tgz#ce43092203a344ba9bf63c0cabe95d95145f6cad"

function-bind@^1.0.2:
  version "1.1.0"
  resolved "https://registry.yarnpkg.com/function-bind/-/function-bind-1.1.0.tgz#16176714c801798e4e8f2cf7f7529467bb4a5771"

globals@^10.0.0:
  version "10.1.0"
  resolved "https://registry.npmjs.org/globals/-/globals-10.1.0.tgz#4425a1881be0d336b4a823a82a7be725d5dd987c"

graceful-fs@^4.1.2:
  version "4.1.11"
  resolved "https://registry.yarnpkg.com/graceful-fs/-/graceful-fs-4.1.11.tgz#0e8bdfe4d1ddb8854d64e04ea7c00e2a026e5658"

has-flag@^2.0.0:
  version "2.0.0"
  resolved "https://registry.npmjs.org/has-flag/-/has-flag-2.0.0.tgz#e8207af1cc7b30d446cc70b734b5e8be18f88d51"

has@^1.0.1:
  version "1.0.1"
  resolved "https://registry.yarnpkg.com/has/-/has-1.0.1.tgz#8461733f538b0837c9361e39a9ab9e9704dc2f28"
  dependencies:
    function-bind "^1.0.2"

hosted-git-info@^2.1.4:
  version "2.4.2"
  resolved "https://registry.yarnpkg.com/hosted-git-info/-/hosted-git-info-2.4.2.tgz#0076b9f46a270506ddbaaea56496897460612a67"

invariant@^2.2.0:
  version "2.2.2"
  resolved "https://registry.yarnpkg.com/invariant/-/invariant-2.2.2.tgz#9e1f56ac0acdb6bf303306f338be3b204ae60360"
  dependencies:
    loose-envify "^1.0.0"

is-arrayish@^0.2.1:
  version "0.2.1"
  resolved "https://registry.yarnpkg.com/is-arrayish/-/is-arrayish-0.2.1.tgz#77c99840527aa8ecb1a8ba697b80645a7a926a9d"

is-builtin-module@^1.0.0:
  version "1.0.0"
  resolved "https://registry.yarnpkg.com/is-builtin-module/-/is-builtin-module-1.0.0.tgz#540572d34f7ac3119f8f76c30cbc1b1e037affbe"
  dependencies:
    builtin-modules "^1.0.0"

isarray@^1.0.0:
  version "1.0.0"
  resolved "https://registry.yarnpkg.com/isarray/-/isarray-1.0.0.tgz#bb935d48582cba168c06834957a54a3e07124f11"

jest-docblock@^21.0.0:
  version "21.2.0"
  resolved "https://registry.npmjs.org/jest-docblock/-/jest-docblock-21.2.0.tgz#51529c3b30d5fd159da60c27ceedc195faf8d414"

js-tokens@^3.0.0:
  version "3.0.1"
  resolved "https://registry.yarnpkg.com/js-tokens/-/js-tokens-3.0.1.tgz#08e9f132484a2c45a30907e9dc4d5567b7f114d7"

load-json-file@^2.0.0:
  version "2.0.0"
  resolved "https://registry.yarnpkg.com/load-json-file/-/load-json-file-2.0.0.tgz#7947e42149af80d696cbf797bcaabcfe1fe29ca8"
  dependencies:
    graceful-fs "^4.1.2"
    parse-json "^2.2.0"
    pify "^2.0.0"
    strip-bom "^3.0.0"

locate-path@^2.0.0:
  version "2.0.0"
  resolved "https://registry.yarnpkg.com/locate-path/-/locate-path-2.0.0.tgz#2b568b265eec944c6d9c0de9c3dbbbca0354cd8e"
  dependencies:
    p-locate "^2.0.0"
    path-exists "^3.0.0"

lodash.cond@^4.3.0:
  version "4.5.2"
  resolved "https://registry.yarnpkg.com/lodash.cond/-/lodash.cond-4.5.2.tgz#f471a1da486be60f6ab955d17115523dd1d255d5"

lodash.get@^4.3.0, lodash.get@^4.4.2:
  version "4.4.2"
  resolved "https://registry.yarnpkg.com/lodash.get/-/lodash.get-4.4.2.tgz#2d177f652fa31e939b4438d5341499dfa3825e99"

lodash@^4.13.1, lodash@^4.15.0, lodash@^4.2.0:
  version "4.17.4"
  resolved "https://registry.yarnpkg.com/lodash/-/lodash-4.17.4.tgz#78203a4d1c328ae1d86dca6460e369b57f4055ae"

loose-envify@^1.0.0:
  version "1.3.1"
  resolved "https://registry.yarnpkg.com/loose-envify/-/loose-envify-1.3.1.tgz#d1a8ad33fa9ce0e713d65fdd0ac8b748d478c848"
  dependencies:
    js-tokens "^3.0.0"

minimatch@^3.0.3:
  version "3.0.4"
  resolved "https://registry.yarnpkg.com/minimatch/-/minimatch-3.0.4.tgz#5166e286457f03306064be5497e8dbb0c3d32083"
  dependencies:
    brace-expansion "^1.1.7"

ms@2.0.0:
  version "2.0.0"
  resolved "https://registry.yarnpkg.com/ms/-/ms-2.0.0.tgz#5608aeadfc00be6c2901df5f9861788de0d597c8"

normalize-package-data@^2.3.2:
  version "2.3.8"
  resolved "https://registry.yarnpkg.com/normalize-package-data/-/normalize-package-data-2.3.8.tgz#d819eda2a9dedbd1ffa563ea4071d936782295bb"
  dependencies:
    hosted-git-info "^2.1.4"
    is-builtin-module "^1.0.0"
    semver "2 || 3 || 4 || 5"
    validate-npm-package-license "^3.0.1"

p-limit@^1.1.0:
  version "1.1.0"
  resolved "https://registry.yarnpkg.com/p-limit/-/p-limit-1.1.0.tgz#b07ff2d9a5d88bec806035895a2bab66a27988bc"

p-locate@^2.0.0:
  version "2.0.0"
  resolved "https://registry.yarnpkg.com/p-locate/-/p-locate-2.0.0.tgz#20a0103b222a70c8fd39cc2e580680f3dde5ec43"
  dependencies:
    p-limit "^1.1.0"

parse-json@^2.2.0:
  version "2.2.0"
  resolved "https://registry.yarnpkg.com/parse-json/-/parse-json-2.2.0.tgz#f480f40434ef80741f8469099f8dea18f55a4dc9"
  dependencies:
    error-ex "^1.2.0"

path-exists@^2.0.0:
  version "2.1.0"
  resolved "https://registry.yarnpkg.com/path-exists/-/path-exists-2.1.0.tgz#0feb6c64f0fc518d9a754dd5efb62c7022761f4b"
  dependencies:
    pinkie-promise "^2.0.0"

path-exists@^3.0.0:
  version "3.0.0"
  resolved "https://registry.yarnpkg.com/path-exists/-/path-exists-3.0.0.tgz#ce0ebeaa5f78cb18925ea7d810d7b59b010fd515"

path-parse@^1.0.5:
  version "1.0.5"
  resolved "https://registry.yarnpkg.com/path-parse/-/path-parse-1.0.5.tgz#3c1adf871ea9cd6c9431b6ea2bd74a0ff055c4c1"

path-type@^2.0.0:
  version "2.0.0"
  resolved "https://registry.yarnpkg.com/path-type/-/path-type-2.0.0.tgz#f012ccb8415b7096fc2daa1054c3d72389594c73"
  dependencies:
    pify "^2.0.0"

pify@^2.0.0:
  version "2.3.0"
  resolved "https://registry.yarnpkg.com/pify/-/pify-2.3.0.tgz#ed141a6ac043a849ea588498e7dca8b15330e90c"

pinkie-promise@^2.0.0:
  version "2.0.1"
  resolved "https://registry.yarnpkg.com/pinkie-promise/-/pinkie-promise-2.0.1.tgz#2135d6dfa7a358c069ac9b178776288228450ffa"
  dependencies:
    pinkie "^2.0.0"

pinkie@^2.0.0:
  version "2.0.4"
  resolved "https://registry.yarnpkg.com/pinkie/-/pinkie-2.0.4.tgz#72556b80cfa0d48a974e80e77248e80ed4f7f870"

pkg-dir@^1.0.0:
  version "1.0.0"
  resolved "https://registry.yarnpkg.com/pkg-dir/-/pkg-dir-1.0.0.tgz#7a4b508a8d5bb2d629d447056ff4e9c9314cf3d4"
  dependencies:
    find-up "^1.0.0"

prettier@^1.7.4:
  version "1.7.4"
  resolved "https://registry.npmjs.org/prettier/-/prettier-1.7.4.tgz#5e8624ae9363c80f95ec644584ecdf55d74f93fa"

read-pkg-up@^2.0.0:
  version "2.0.0"
  resolved "https://registry.yarnpkg.com/read-pkg-up/-/read-pkg-up-2.0.0.tgz#6b72a8048984e0c41e79510fd5e9fa99b3b549be"
  dependencies:
    find-up "^2.0.0"
    read-pkg "^2.0.0"

read-pkg@^2.0.0:
  version "2.0.0"
  resolved "https://registry.yarnpkg.com/read-pkg/-/read-pkg-2.0.0.tgz#8ef1c0623c6a6db0dc6713c4bfac46332b2368f8"
  dependencies:
    load-json-file "^2.0.0"
    normalize-package-data "^2.3.2"
    path-type "^2.0.0"

regenerator-runtime@^0.10.0:
  version "0.10.5"
  resolved "https://registry.yarnpkg.com/regenerator-runtime/-/regenerator-runtime-0.10.5.tgz#336c3efc1220adcedda2c9fab67b5a7955a33658"

req-all@^0.1.0:
  version "0.1.0"
  resolved "https://registry.yarnpkg.com/req-all/-/req-all-0.1.0.tgz#130051e2ace58a02eacbfc9d448577a736a9273a"

requireindex@^1.1.0:
  version "1.1.0"
  resolved "https://registry.yarnpkg.com/requireindex/-/requireindex-1.1.0.tgz#e5404b81557ef75db6e49c5a72004893fe03e162"

resolve@^1.2.0:
  version "1.4.0"
  resolved "https://registry.yarnpkg.com/resolve/-/resolve-1.4.0.tgz#a75be01c53da25d934a98ebd0e4c4a7312f92a86"
  dependencies:
    path-parse "^1.0.5"

"semver@2 || 3 || 4 || 5":
  version "5.3.0"
  resolved "https://registry.yarnpkg.com/semver/-/semver-5.3.0.tgz#9b2ce5d3de02d17c6012ad326aa6b4d0cf54f94f"

slash@^1.0.0:
  version "1.0.0"
  resolved "https://registry.yarnpkg.com/slash/-/slash-1.0.0.tgz#c41f2f6c39fc16d1cd17ad4b5d896114ae470d55"

spdx-correct@~1.0.0:
  version "1.0.2"
  resolved "https://registry.yarnpkg.com/spdx-correct/-/spdx-correct-1.0.2.tgz#4b3073d933ff51f3912f03ac5519498a4150db40"
  dependencies:
    spdx-license-ids "^1.0.2"

spdx-expression-parse@~1.0.0:
  version "1.0.4"
  resolved "https://registry.yarnpkg.com/spdx-expression-parse/-/spdx-expression-parse-1.0.4.tgz#9bdf2f20e1f40ed447fbe273266191fced51626c"

spdx-license-ids@^1.0.2:
  version "1.2.2"
  resolved "https://registry.yarnpkg.com/spdx-license-ids/-/spdx-license-ids-1.2.2.tgz#c9df7a3424594ade6bd11900d596696dc06bac57"

strip-bom@^3.0.0:
  version "3.0.0"
  resolved "https://registry.yarnpkg.com/strip-bom/-/strip-bom-3.0.0.tgz#2334c18e9c759f7bdd56fdef7e9ae3d588e68ed3"

supports-color@^4.0.0:
  version "4.4.0"
  resolved "https://registry.npmjs.org/supports-color/-/supports-color-4.4.0.tgz#883f7ddabc165142b2a61427f3352ded195d1a3e"
  dependencies:
    has-flag "^2.0.0"

to-fast-properties@^2.0.0:
  version "2.0.0"
  resolved "https://registry.npmjs.org/to-fast-properties/-/to-fast-properties-2.0.0.tgz#dc5e698cbd079265bc73e0377681a4e4e83f616e"

validate-npm-package-license@^3.0.1:
  version "3.0.1"
  resolved "https://registry.yarnpkg.com/validate-npm-package-license/-/validate-npm-package-license-3.0.1.tgz#2804babe712ad3379459acfbe24746ab2c303fbc"
  dependencies:
    spdx-correct "~1.0.0"
    spdx-expression-parse "~1.0.0"
